
Microsoft Visual Studio Solution File, Format Version 12.00
# Visual Studio Version 17
VisualStudioVersion = 17.0.31903.59
MinimumVisualStudioVersion = 10.0.40219.1
Project("{9A19103F-16F7-4668-BE54-9A1E7A4F7556}") = "NVerilogParser", "NVerilogParser\NVerilogParser.csproj", "{4188ED53-9631-41B9-BDEE-7C11936C62A8}"
EndProject
Project("{9A19103F-16F7-4668-BE54-9A1E7A4F7556}") = "NVerilogParser.Tests", "NVerilogParser.Tests\NVerilogParser.Tests.csproj", "{A207E263-3F12-488F-ACAB-05F8141332F2}"
EndProject
Global
	GlobalSection(SolutionConfigurationPlatforms) = preSolution
		Debug|Any CPU = Debug|Any CPU
		Release|Any CPU = Release|Any CPU
	EndGlobalSection
	GlobalSection(ProjectConfigurationPlatforms) = postSolution
		{4188ED53-9631-41B9-BDEE-7C11936C62A8}.Debug|Any CPU.ActiveCfg = Debug|Any CPU
		{4188ED53-9631-41B9-BDEE-7C11936C62A8}.Debug|Any CPU.Build.0 = Debug|Any CPU
		{4188ED53-9631-41B9-BDEE-7C11936C62A8}.Release|Any CPU.ActiveCfg = Release|Any CPU
		{4188ED53-9631-41B9-BDEE-7C11936C62A8}.Release|Any CPU.Build.0 = Release|Any CPU
		{A207E263-3F12-488F-ACAB-05F8141332F2}.Debug|Any CPU.ActiveCfg = Debug|Any CPU
		{A207E263-3F12-488F-ACAB-05F8141332F2}.Debug|Any CPU.Build.0 = Debug|Any CPU
		{A207E263-3F12-488F-ACAB-05F8141332F2}.Release|Any CPU.ActiveCfg = Release|Any CPU
		{A207E263-3F12-488F-ACAB-05F8141332F2}.Release|Any CPU.Build.0 = Release|Any CPU
	EndGlobalSection
	GlobalSection(SolutionProperties) = preSolution
		HideSolutionNode = FALSE
	EndGlobalSection
	GlobalSection(ExtensibilityGlobals) = postSolution
		SolutionGuid = {47687B0E-54F8-4E2E-9CDE-5BAA7BAD32C5}
	EndGlobalSection
EndGlobal
